// !$*UTF8*$!
{
	archiveVersion = 1;
	classes = {
	};
	objectVersion = 77;
	objects = {

/* Begin PBXBuildFile section */
		217BF5662EA2D83F00010E2E /* Auth in Frameworks */ = {isa = PBXBuildFile; productRef = 217BF5652EA2D83F00010E2E /* Auth */; };
		217BF5682EA2D83F00010E2E /* Functions in Frameworks */ = {isa = PBXBuildFile; productRef = 217BF5672EA2D83F00010E2E /* Functions */; };
		217BF56A2EA2D83F00010E2E /* PostgREST in Frameworks */ = {isa = PBXBuildFile; productRef = 217BF5692EA2D83F00010E2E /* PostgREST */; };
		217BF56C2EA2D83F00010E2E /* Realtime in Frameworks */ = {isa = PBXBuildFile; productRef = 217BF56B2EA2D83F00010E2E /* Realtime */; };
		217BF56E2EA2D83F00010E2E /* Storage in Frameworks */ = {isa = PBXBuildFile; productRef = 217BF56D2EA2D83F00010E2E /* Storage */; };
		217BF5702EA2DA5000010E2E /* Supabase in Frameworks */ = {isa = PBXBuildFile; productRef = 217BF56F2EA2DA5000010E2E /* Supabase */; };
/* End PBXBuildFile section */

/* Begin PBXContainerItemProxy section */
		217BF5212EA2A55100010E2E /* PBXContainerItemProxy */ = {
			isa = PBXContainerItemProxy;
			containerPortal = 217BF50B2EA2A55000010E2E /* Project object */;
			proxyType = 1;
			remoteGlobalIDString = 217BF5122EA2A55000010E2E;
			remoteInfo = Kinnect;
		};
		217BF52B2EA2A55100010E2E /* PBXContainerItemProxy */ = {
			isa = PBXContainerItemProxy;
			containerPortal = 217BF50B2EA2A55000010E2E /* Project object */;
			proxyType = 1;
			remoteGlobalIDString = 217BF5122EA2A55000010E2E;
			remoteInfo = Kinnect;
		};
/* End PBXContainerItemProxy section */

/* Begin PBXFileReference section */
		217BF5132EA2A55000010E2E /* Kinnect.app */ = {isa = PBXFileReference; explicitFileType = wrapper.application; includeInIndex = 0; path = Kinnect.app; sourceTree = BUILT_PRODUCTS_DIR; };
		217BF5202EA2A55100010E2E /* KinnectTests.xctest */ = {isa = PBXFileReference; explicitFileType = wrapper.cfbundle; includeInIndex = 0; path = KinnectTests.xctest; sourceTree = BUILT_PRODUCTS_DIR; };
		217BF52A2EA2A55100010E2E /* KinnectUITests.xctest */ = {isa = PBXFileReference; explicitFileType = wrapper.cfbundle; includeInIndex = 0; path = KinnectUITests.xctest; sourceTree = BUILT_PRODUCTS_DIR; };
/* End PBXFileReference section */

/* Begin PBXFileSystemSynchronizedRootGroup section */
		217BF5152EA2A55000010E2E /* Kinnect */ = {
			isa = PBXFileSystemSynchronizedRootGroup;
			path = Kinnect;
			sourceTree = "<group>";
		};
		217BF5232EA2A55100010E2E /* KinnectTests */ = {
			isa = PBXFileSystemSynchronizedRootGroup;
			path = KinnectTests;
			sourceTree = "<group>";
		};
		217BF52D2EA2A55100010E2E /* KinnectUITests */ = {
			isa = PBXFileSystemSynchronizedRootGroup;
			path = KinnectUITests;
			sourceTree = "<group>";
		};
/* End PBXFileSystemSynchronizedRootGroup section */

/* Begin PBXFrameworksBuildPhase section */
		217BF5102EA2A55000010E2E /* Frameworks */ = {
			isa = PBXFrameworksBuildPhase;
			buildActionMask = 2147483647;
			files = (
				217BF56A2EA2D83F00010E2E /* PostgREST in Frameworks */,
				217BF5682EA2D83F00010E2E /* Functions in Frameworks */,
				217BF5702EA2DA5000010E2E /* Supabase in Frameworks */,
				217BF5662EA2D83F00010E2E /* Auth in Frameworks */,
				217BF56E2EA2D83F00010E2E /* Storage in Frameworks */,
				217BF56C2EA2D83F00010E2E /* Realtime in Frameworks */,
			);
			runOnlyForDeploymentPostprocessing = 0;
		};
		217BF51D2EA2A55100010E2E /* Frameworks */ = {
			isa = PBXFrameworksBuildPhase;
			buildActionMask = 2147483647;
			files = (
			);
			runOnlyForDeploymentPostprocessing = 0;
		};
		217BF5272EA2A55100010E2E /* Frameworks */ = {
			isa = PBXFrameworksBuildPhase;
			buildActionMask = 2147483647;
			files = (
			);
			runOnlyForDeploymentPostprocessing = 0;
		};
/* End PBXFrameworksBuildPhase section */

/* Begin PBXGroup section */
		217BF50A2EA2A55000010E2E = {
			isa = PBXGroup;
			children = (
				217BF5152EA2A55000010E2E /* Kinnect */,
				217BF5232EA2A55100010E2E /* KinnectTests */,
				217BF52D2EA2A55100010E2E /* KinnectUITests */,
				217BF5632EA2D7F000010E2E /* Frameworks */,
				217BF5142EA2A55000010E2E /* Products */,
			);
			sourceTree = "<group>";
		};
		217BF5142EA2A55000010E2E /* Products */ = {
			isa = PBXGroup;
			children = (
				217BF5132EA2A55000010E2E /* Kinnect.app */,
				217BF5202EA2A55100010E2E /* KinnectTests.xctest */,
				217BF52A2EA2A55100010E2E /* KinnectUITests.xctest */,
			);
			name = Products;
			sourceTree = "<group>";
		};
		217BF5632EA2D7F000010E2E /* Frameworks */ = {
			isa = PBXGroup;
			children = (
			);
			name = Frameworks;
			sourceTree = "<group>";
		};
/* End PBXGroup section */

/* Begin PBXNativeTarget section */
		217BF5122EA2A55000010E2E /* Kinnect */ = {
			isa = PBXNativeTarget;
			buildConfigurationList = 217BF5342EA2A55100010E2E /* Build configuration list for PBXNativeTarget "Kinnect" */;
			buildPhases = (
				217BF50F2EA2A55000010E2E /* Sources */,
				217BF5102EA2A55000010E2E /* Frameworks */,
				217BF5112EA2A55000010E2E /* Resources */,
			);
			buildRules = (
			);
			dependencies = (
			);
			fileSystemSynchronizedGroups = (
				217BF5152EA2A55000010E2E /* Kinnect */,
			);
			name = Kinnect;
			packageProductDependencies = (
				217BF5652EA2D83F00010E2E /* Auth */,
				217BF5672EA2D83F00010E2E /* Functions */,
				217BF5692EA2D83F00010E2E /* PostgREST */,
				217BF56B2EA2D83F00010E2E /* Realtime */,
				217BF56D2EA2D83F00010E2E /* Storage */,
				217BF56F2EA2DA5000010E2E /* Supabase */,
			);
			productName = Kinnect;
			productReference = 217BF5132EA2A55000010E2E /* Kinnect.app */;
			productType = "com.apple.product-type.application";
		};
		217BF51F2EA2A55100010E2E /* KinnectTests */ = {
			isa = PBXNativeTarget;
			buildConfigurationList = 217BF5372EA2A55100010E2E /* Build configuration list for PBXNativeTarget "KinnectTests" */;
			buildPhases = (
				217BF51C2EA2A55100010E2E /* Sources */,
				217BF51D2EA2A55100010E2E /* Frameworks */,
				217BF51E2EA2A55100010E2E /* Resources */,
			);
			buildRules = (
			);
			dependencies = (
				217BF5222EA2A55100010E2E /* PBXTargetDependency */,
			);
			fileSystemSynchronizedGroups = (
				217BF5232EA2A55100010E2E /* KinnectTests */,
			);
			name = KinnectTests;
			packageProductDependencies = (
			);
			productName = KinnectTests;
			productReference = 217BF5202EA2A55100010E2E /* KinnectTests.xctest */;
			productType = "com.apple.product-type.bundle.unit-test";
		};
		217BF5292EA2A55100010E2E /* KinnectUITests */ = {
			isa = PBXNativeTarget;
			buildConfigurationList = 217BF53A2EA2A55100010E2E /* Build configuration list for PBXNativeTarget "KinnectUITests" */;
			buildPhases = (
				217BF5262EA2A55100010E2E /* Sources */,
				217BF5272EA2A55100010E2E /* Frameworks */,
				217BF5282EA2A55100010E2E /* Resources */,
			);
			buildRules = (
			);
			dependencies = (
				217BF52C2EA2A55100010E2E /* PBXTargetDependency */,
			);
			fileSystemSynchronizedGroups = (
				217BF52D2EA2A55100010E2E /* KinnectUITests */,
			);
			name = KinnectUITests;
			packageProductDependencies = (
			);
			productName = KinnectUITests;
			productReference = 217BF52A2EA2A55100010E2E /* KinnectUITests.xctest */;
			productType = "com.apple.product-type.bundle.ui-testing";
		};
/* End PBXNativeTarget section */

/* Begin PBXProject section */
		217BF50B2EA2A55000010E2E /* Project object */ = {
			isa = PBXProject;
			attributes = {
				BuildIndependentTargetsInParallel = 1;
				LastSwiftUpdateCheck = 2600;
				LastUpgradeCheck = 2600;
				TargetAttributes = {
					217BF5122EA2A55000010E2E = {
						CreatedOnToolsVersion = 26.0.1;
					};
					217BF51F2EA2A55100010E2E = {
						CreatedOnToolsVersion = 26.0.1;
						TestTargetID = 217BF5122EA2A55000010E2E;
					};
					217BF5292EA2A55100010E2E = {
						CreatedOnToolsVersion = 26.0.1;
						TestTargetID = 217BF5122EA2A55000010E2E;
					};
				};
			};
			buildConfigurationList = 217BF50E2EA2A55000010E2E /* Build configuration list for PBXProject "Kinnect" */;
			developmentRegion = en;
			hasScannedForEncodings = 0;
			knownRegions = (
				en,
				Base,
			);
			mainGroup = 217BF50A2EA2A55000010E2E;
			minimizedProjectReferenceProxies = 1;
			packageReferences = (
				217BF5642EA2D83F00010E2E /* XCRemoteSwiftPackageReference "supabase-swift" */,
			);
			preferredProjectObjectVersion = 77;
			productRefGroup = 217BF5142EA2A55000010E2E /* Products */;
			projectDirPath = "";
			projectRoot = "";
			targets = (
				217BF5122EA2A55000010E2E /* Kinnect */,
				217BF51F2EA2A55100010E2E /* KinnectTests */,
				217BF5292EA2A55100010E2E /* KinnectUITests */,
			);
		};
/* End PBXProject section */

/* Begin PBXResourcesBuildPhase section */
		217BF5112EA2A55000010E2E /* Resources */ = {
			isa = PBXResourcesBuildPhase;
			buildActionMask = 2147483647;
			files = (
			);
			runOnlyForDeploymentPostprocessing = 0;
		};
		217BF51E2EA2A55100010E2E /* Resources */ = {
			isa = PBXResourcesBuildPhase;
			buildActionMask = 2147483647;
			files = (
			);
			runOnlyForDeploymentPostprocessing = 0;
		};
		217BF5282EA2A55100010E2E /* Resources */ = {
			isa = PBXResourcesBuildPhase;
			buildActionMask = 2147483647;
			files = (
			);
			runOnlyForDeploymentPostprocessing = 0;
		};
/* End PBXResourcesBuildPhase section */

/* Begin PBXSourcesBuildPhase section */
		217BF50F2EA2A55000010E2E /* Sources */ = {
			isa = PBXSourcesBuildPhase;
			buildActionMask = 2147483647;
			files = (
			);
			runOnlyForDeploymentPostprocessing = 0;
		};
		217BF51C2EA2A55100010E2E /* Sources */ = {
			isa = PBXSourcesBuildPhase;
			buildActionMask = 2147483647;
			files = (
			);
			runOnlyForDeploymentPostprocessing = 0;
		};
		217BF5262EA2A55100010E2E /* Sources */ = {
			isa = PBXSourcesBuildPhase;
			buildActionMask = 2147483647;
			files = (
			);
			runOnlyForDeploymentPostprocessing = 0;
		};
/* End PBXSourcesBuildPhase section */

/* Begin PBXTargetDependency section */
		217BF5222EA2A55100010E2E /* PBXTargetDependency */ = {
			isa = PBXTargetDependency;
			target = 217BF5122EA2A55000010E2E /* Kinnect */;
			targetProxy = 217BF5212EA2A55100010E2E /* PBXContainerItemProxy */;
		};
		217BF52C2EA2A55100010E2E /* PBXTargetDependency */ = {
			isa = PBXTargetDependency;
			target = 217BF5122EA2A55000010E2E /* Kinnect */;
			targetProxy = 217BF52B2EA2A55100010E2E /* PBXContainerItemProxy */;
		};
/* End PBXTargetDependency section */

/* Begin XCBuildConfiguration section */
		217BF5322EA2A55100010E2E /* Debug */ = {
			isa = XCBuildConfiguration;
			buildSettings = {
				ALWAYS_SEARCH_USER_PATHS = NO;
				ASSETCATALOG_COMPILER_GENERATE_SWIFT_ASSET_SYMBOL_EXTENSIONS = YES;
				CLANG_ANALYZER_NONNULL = YES;
				CLANG_ANALYZER_NUMBER_OBJECT_CONVERSION = YES_AGGRESSIVE;
				CLANG_CXX_LANGUAGE_STANDARD = "gnu++20";
				CLANG_ENABLE_MODULES = YES;
				CLANG_ENABLE_OBJC_ARC = YES;
				CLANG_ENABLE_OBJC_WEAK = YES;
				CLANG_WARN_BLOCK_CAPTURE_AUTORELEASING = YES;
				CLANG_WARN_BOOL_CONVERSION = YES;
				CLANG_WARN_COMMA = YES;
				CLANG_WARN_CONSTANT_CONVERSION = YES;
				CLANG_WARN_DEPRECATED_OBJC_IMPLEMENTATIONS = YES;
				CLANG_WARN_DIRECT_OBJC_ISA_USAGE = YES_ERROR;
				CLANG_WARN_DOCUMENTATION_COMMENTS = YES;
				CLANG_WARN_EMPTY_BODY = YES;
				CLANG_WARN_ENUM_CONVERSION = YES;
				CLANG_WARN_INFINITE_RECURSION = YES;
				CLANG_WARN_INT_CONVERSION = YES;
				CLANG_WARN_NON_LITERAL_NULL_CONVERSION = YES;
				CLANG_WARN_OBJC_IMPLICIT_RETAIN_SELF = YES;
				CLANG_WARN_OBJC_LITERAL_CONVERSION = YES;
				CLANG_WARN_OBJC_ROOT_CLASS = YES_ERROR;
				CLANG_WARN_QUOTED_INCLUDE_IN_FRAMEWORK_HEADER = YES;
				CLANG_WARN_RANGE_LOOP_ANALYSIS = YES;
				CLANG_WARN_STRICT_PROTOTYPES = YES;
				CLANG_WARN_SUSPICIOUS_MOVE = YES;
				CLANG_WARN_UNGUARDED_AVAILABILITY = YES_AGGRESSIVE;
				CLANG_WARN_UNREACHABLE_CODE = YES;
				CLANG_WARN__DUPLICATE_METHOD_MATCH = YES;
				COPY_PHASE_STRIP = NO;
				DEBUG_INFORMATION_FORMAT = dwarf;
				DEVELOPMENT_TEAM = FW7825XU7W;
				ENABLE_STRICT_OBJC_MSGSEND = YES;
				ENABLE_TESTABILITY = YES;
				ENABLE_USER_SCRIPT_SANDBOXING = YES;
				GCC_C_LANGUAGE_STANDARD = gnu17;
				GCC_DYNAMIC_NO_PIC = NO;
				GCC_NO_COMMON_BLOCKS = YES;
				GCC_OPTIMIZATION_LEVEL = 0;
				GCC_PREPROCESSOR_DEFINITIONS = (
					"DEBUG=1",
					"$(inherited)",
				);
				GCC_WARN_64_TO_32_BIT_CONVERSION = YES;
				GCC_WARN_ABOUT_RETURN_TYPE = YES_ERROR;
				GCC_WARN_UNDECLARED_SELECTOR = YES;
				GCC_WARN_UNINITIALIZED_AUTOS = YES_AGGRESSIVE;
				GCC_WARN_UNUSED_FUNCTION = YES;
				GCC_WARN_UNUSED_VARIABLE = YES;
				IPHONEOS_DEPLOYMENT_TARGET = 26.0;
				LOCALIZATION_PREFERS_STRING_CATALOGS = YES;
				MTL_ENABLE_DEBUG_INFO = INCLUDE_SOURCE;
				MTL_FAST_MATH = YES;
				ONLY_ACTIVE_ARCH = YES;
				SDKROOT = iphoneos;
				SWIFT_ACTIVE_COMPILATION_CONDITIONS = "DEBUG $(inherited)";
				SWIFT_OPTIMIZATION_LEVEL = "-Onone";
			};
			name = Debug;
		};
		217BF5332EA2A55100010E2E /* Release */ = {
			isa = XCBuildConfiguration;
			buildSettings = {
				ALWAYS_SEARCH_USER_PATHS = NO;
				ASSETCATALOG_COMPILER_GENERATE_SWIFT_ASSET_SYMBOL_EXTENSIONS = YES;
				CLANG_ANALYZER_NONNULL = YES;
				CLANG_ANALYZER_NUMBER_OBJECT_CONVERSION = YES_AGGRESSIVE;
				CLANG_CXX_LANGUAGE_STANDARD = "gnu++20";
				CLANG_ENABLE_MODULES = YES;
				CLANG_ENABLE_OBJC_ARC = YES;
				CLANG_ENABLE_OBJC_WEAK = YES;
				CLANG_WARN_BLOCK_CAPTURE_AUTORELEASING = YES;
				CLANG_WARN_BOOL_CONVERSION = YES;
				CLANG_WARN_COMMA = YES;
				CLANG_WARN_CONSTANT_CONVERSION = YES;
				CLANG_WARN_DEPRECATED_OBJC_IMPLEMENTATIONS = YES;
				CLANG_WARN_DIRECT_OBJC_ISA_USAGE = YES_ERROR;
				CLANG_WARN_DOCUMENTATION_COMMENTS = YES;
				CLANG_WARN_EMPTY_BODY = YES;
				CLANG_WARN_ENUM_CONVERSION = YES;
				CLANG_WARN_INFINITE_RECURSION = YES;
				CLANG_WARN_INT_CONVERSION = YES;
				CLANG_WARN_NON_LITERAL_NULL_CONVERSION = YES;
				CLANG_WARN_OBJC_IMPLICIT_RETAIN_SELF = YES;
				CLANG_WARN_OBJC_LITERAL_CONVERSION = YES;
				CLANG_WARN_OBJC_ROOT_CLASS = YES_ERROR;
				CLANG_WARN_QUOTED_INCLUDE_IN_FRAMEWORK_HEADER = YES;
				CLANG_WARN_RANGE_LOOP_ANALYSIS = YES;
				CLANG_WARN_STRICT_PROTOTYPES = YES;
				CLANG_WARN_SUSPICIOUS_MOVE = YES;
				CLANG_WARN_UNGUARDED_AVAILABILITY = YES_AGGRESSIVE;
				CLANG_WARN_UNREACHABLE_CODE = YES;
				CLANG_WARN__DUPLICATE_METHOD_MATCH = YES;
				COPY_PHASE_STRIP = NO;
				DEBUG_INFORMATION_FORMAT = "dwarf-with-dsym";
				DEVELOPMENT_TEAM = FW7825XU7W;
				ENABLE_NS_ASSERTIONS = NO;
				ENABLE_STRICT_OBJC_MSGSEND = YES;
				ENABLE_USER_SCRIPT_SANDBOXING = YES;
				GCC_C_LANGUAGE_STANDARD = gnu17;
				GCC_NO_COMMON_BLOCKS = YES;
				GCC_WARN_64_TO_32_BIT_CONVERSION = YES;
				GCC_WARN_ABOUT_RETURN_TYPE = YES_ERROR;
				GCC_WARN_UNDECLARED_SELECTOR = YES;
				GCC_WARN_UNINITIALIZED_AUTOS = YES_AGGRESSIVE;
				GCC_WARN_UNUSED_FUNCTION = YES;
				GCC_WARN_UNUSED_VARIABLE = YES;
				IPHONEOS_DEPLOYMENT_TARGET = 26.0;
				LOCALIZATION_PREFERS_STRING_CATALOGS = YES;
				MTL_ENABLE_DEBUG_INFO = NO;
				MTL_FAST_MATH = YES;
				SDKROOT = iphoneos;
				SWIFT_COMPILATION_MODE = wholemodule;
				VALIDATE_PRODUCT = YES;
			};
			name = Release;
		};
		217BF5352EA2A55100010E2E /* Debug */ = {
			isa = XCBuildConfiguration;
			buildSettings = {
				ASSETCATALOG_COMPILER_APPICON_NAME = AppIcon;
				ASSETCATALOG_COMPILER_GLOBAL_ACCENT_COLOR_NAME = AccentColor;
				CODE_SIGN_STYLE = Automatic;
				CURRENT_PROJECT_VERSION = 1;
				DEVELOPMENT_TEAM = FW7825XU7W;
				ENABLE_PREVIEWS = YES;
				GENERATE_INFOPLIST_FILE = YES;
				INFOPLIST_KEY_LSApplicationCategoryType = "public.app-category.social-networking";
				INFOPLIST_KEY_UIApplicationSceneManifest_Generation = YES;
				INFOPLIST_KEY_UIApplicationSupportsIndirectInputEvents = YES;
				INFOPLIST_KEY_UILaunchScreen_Generation = YES;
				INFOPLIST_KEY_UISupportedInterfaceOrientations_iPad = "UIInterfaceOrientationPortrait UIInterfaceOrientationPortraitUpsideDown UIInterfaceOrientationLandscapeLeft UIInterfaceOrientationLandscapeRight";
				INFOPLIST_KEY_UISupportedInterfaceOrientations_iPhone = "UIInterfaceOrientationPortrait UIInterfaceOrientationLandscapeLeft UIInterfaceOrientationLandscapeRight";
				IPHONEOS_DEPLOYMENT_TARGET = 17.6;
				LD_RUNPATH_SEARCH_PATHS = (
					"$(inherited)",
					"@executable_path/Frameworks",
				);
				MARKETING_VERSION = 1.0;
				PRODUCT_BUNDLE_IDENTIFIER = eg.Kinnect;
				PRODUCT_NAME = "$(TARGET_NAME)";
				STRING_CATALOG_GENERATE_SYMBOLS = YES;
				SUPPORTED_PLATFORMS = "iphoneos iphonesimulator";
				SUPPORTS_MACCATALYST = NO;
				SUPPORTS_MAC_DESIGNED_FOR_IPHONE_IPAD = NO;
				SUPPORTS_XR_DESIGNED_FOR_IPHONE_IPAD = NO;
				SWIFT_APPROACHABLE_CONCURRENCY = YES;
				SWIFT_DEFAULT_ACTOR_ISOLATION = MainActor;
				SWIFT_EMIT_LOC_STRINGS = YES;
				SWIFT_UPCOMING_FEATURE_MEMBER_IMPORT_VISIBILITY = YES;
				SWIFT_VERSION = 5.0;
				TARGETED_DEVICE_FAMILY = 1;
			};
			name = Debug;
		};
		217BF5362EA2A55100010E2E /* Release */ = {
			isa = XCBuildConfiguration;
			buildSettings = {
				ASSETCATALOG_COMPILER_APPICON_NAME = AppIcon;
				ASSETCATALOG_COMPILER_GLOBAL_ACCENT_COLOR_NAME = AccentColor;
				CODE_SIGN_STYLE = Automatic;
				CURRENT_PROJECT_VERSION = 1;
				DEVELOPMENT_TEAM = FW7825XU7W;
				ENABLE_PREVIEWS = YES;
				GENERATE_INFOPLIST_FILE = YES;
				INFOPLIST_KEY_LSApplicationCategoryType = "public.app-category.social-networking";
				INFOPLIST_KEY_UIApplicationSceneManifest_Generation = YES;
				INFOPLIST_KEY_UIApplicationSupportsIndirectInputEvents = YES;
				INFOPLIST_KEY_UILaunchScreen_Generation = YES;
				INFOPLIST_KEY_UISupportedInterfaceOrientations_iPad = "UIInterfaceOrientationPortrait UIInterfaceOrientationPortraitUpsideDown UIInterfaceOrientationLandscapeLeft UIInterfaceOrientationLandscapeRight";
				INFOPLIST_KEY_UISupportedInterfaceOrientations_iPhone = "UIInterfaceOrientationPortrait UIInterfaceOrientationLandscapeLeft UIInterfaceOrientationLandscapeRight";
				IPHONEOS_DEPLOYMENT_TARGET = 17.6;
				LD_RUNPATH_SEARCH_PATHS = (
					"$(inherited)",
					"@executable_path/Frameworks",
				);
				MARKETING_VERSION = 1.0;
				PRODUCT_BUNDLE_IDENTIFIER = eg.Kinnect;
				PRODUCT_NAME = "$(TARGET_NAME)";
				STRING_CATALOG_GENERATE_SYMBOLS = YES;
				SUPPORTED_PLATFORMS = "iphoneos iphonesimulator";
				SUPPORTS_MACCATALYST = NO;
				SUPPORTS_MAC_DESIGNED_FOR_IPHONE_IPAD = NO;
				SUPPORTS_XR_DESIGNED_FOR_IPHONE_IPAD = NO;
				SWIFT_APPROACHABLE_CONCURRENCY = YES;
				SWIFT_DEFAULT_ACTOR_ISOLATION = MainActor;
				SWIFT_EMIT_LOC_STRINGS = YES;
				SWIFT_UPCOMING_FEATURE_MEMBER_IMPORT_VISIBILITY = YES;
				SWIFT_VERSION = 5.0;
				TARGETED_DEVICE_FAMILY = 1;
			};
			name = Release;
		};
		217BF5382EA2A55100010E2E /* Debug */ = {
			isa = XCBuildConfiguration;
			buildSettings = {
				BUNDLE_LOADER = "$(TEST_HOST)";
				CODE_SIGN_STYLE = Automatic;
				CURRENT_PROJECT_VERSION = 1;
				DEVELOPMENT_TEAM = FW7825XU7W;
				GENERATE_INFOPLIST_FILE = YES;
				IPHONEOS_DEPLOYMENT_TARGET = 26.0;
				MARKETING_VERSION = 1.0;
				PRODUCT_BUNDLE_IDENTIFIER = eg.KinnectTests;
				PRODUCT_NAME = "$(TARGET_NAME)";
				STRING_CATALOG_GENERATE_SYMBOLS = NO;
				SWIFT_APPROACHABLE_CONCURRENCY = YES;
				SWIFT_EMIT_LOC_STRINGS = NO;
				SWIFT_UPCOMING_FEATURE_MEMBER_IMPORT_VISIBILITY = YES;
				SWIFT_VERSION = 5.0;
				TARGETED_DEVICE_FAMILY = "1,2";
				TEST_HOST = "$(BUILT_PRODUCTS_DIR)/Kinnect.app/$(BUNDLE_EXECUTABLE_FOLDER_PATH)/Kinnect";
			};
			name = Debug;
		};
		217BF5392EA2A55100010E2E /* Release */ = {
			isa = XCBuildConfiguration;
			buildSettings = {
				BUNDLE_LOADER = "$(TEST_HOST)";
				CODE_SIGN_STYLE = Automatic;
				CURRENT_PROJECT_VERSION = 1;
				DEVELOPMENT_TEAM = FW7825XU7W;
				GENERATE_INFOPLIST_FILE = YES;
				IPHONEOS_DEPLOYMENT_TARGET = 26.0;
				MARKETING_VERSION = 1.0;
				PRODUCT_BUNDLE_IDENTIFIER = eg.KinnectTests;
				PRODUCT_NAME = "$(TARGET_NAME)";
				STRING_CATALOG_GENERATE_SYMBOLS = NO;
				SWIFT_APPROACHABLE_CONCURRENCY = YES;
				SWIFT_EMIT_LOC_STRINGS = NO;
				SWIFT_UPCOMING_FEATURE_MEMBER_IMPORT_VISIBILITY = YES;
				SWIFT_VERSION = 5.0;
				TARGETED_DEVICE_FAMILY = "1,2";
				TEST_HOST = "$(BUILT_PRODUCTS_DIR)/Kinnect.app/$(BUNDLE_EXECUTABLE_FOLDER_PATH)/Kinnect";
			};
			name = Release;
		};
		217BF53B2EA2A55100010E2E /* Debug */ = {
			isa = XCBuildConfiguration;
			buildSettings = {
				CODE_SIGN_STYLE = Automatic;
				CURRENT_PROJECT_VERSION = 1;
				DEVELOPMENT_TEAM = FW7825XU7W;
				GENERATE_INFOPLIST_FILE = YES;
				MARKETING_VERSION = 1.0;
				PRODUCT_BUNDLE_IDENTIFIER = eg.KinnectUITests;
				PRODUCT_NAME = "$(TARGET_NAME)";
				STRING_CATALOG_GENERATE_SYMBOLS = NO;
				SWIFT_APPROACHABLE_CONCURRENCY = YES;
				SWIFT_EMIT_LOC_STRINGS = NO;
				SWIFT_UPCOMING_FEATURE_MEMBER_IMPORT_VISIBILITY = YES;
				SWIFT_VERSION = 5.0;
				TARGETED_DEVICE_FAMILY = "1,2";
				TEST_TARGET_NAME = Kinnect;
			};
			name = Debug;
		};
		217BF53C2EA2A55100010E2E /* Release */ = {
			isa = XCBuildConfiguration;
			buildSettings = {
				CODE_SIGN_STYLE = Automatic;
				CURRENT_PROJECT_VERSION = 1;
				DEVELOPMENT_TEAM = FW7825XU7W;
				GENERATE_INFOPLIST_FILE = YES;
				MARKETING_VERSION = 1.0;
				PRODUCT_BUNDLE_IDENTIFIER = eg.KinnectUITests;
				PRODUCT_NAME = "$(TARGET_NAME)";
				STRING_CATALOG_GENERATE_SYMBOLS = NO;
				SWIFT_APPROACHABLE_CONCURRENCY = YES;
				SWIFT_EMIT_LOC_STRINGS = NO;
				SWIFT_UPCOMING_FEATURE_MEMBER_IMPORT_VISIBILITY = YES;
				SWIFT_VERSION = 5.0;
				TARGETED_DEVICE_FAMILY = "1,2";
				TEST_TARGET_NAME = Kinnect;
			};
			name = Release;
		};
/* End XCBuildConfiguration section */

/* Begin XCConfigurationList section */
		217BF50E2EA2A55000010E2E /* Build configuration list for PBXProject "Kinnect" */ = {
			isa = XCConfigurationList;
			buildConfigurations = (
				217BF5322EA2A55100010E2E /* Debug */,
				217BF5332EA2A55100010E2E /* Release */,
			);
			defaultConfigurationIsVisible = 0;
			defaultConfigurationName = Release;
		};
		217BF5342EA2A55100010E2E /* Build configuration list for PBXNativeTarget "Kinnect" */ = {
			isa = XCConfigurationList;
			buildConfigurations = (
				217BF5352EA2A55100010E2E /* Debug */,
				217BF5362EA2A55100010E2E /* Release */,
			);
			defaultConfigurationIsVisible = 0;
			defaultConfigurationName = Release;
		};
		217BF5372EA2A55100010E2E /* Build configuration list for PBXNativeTarget "KinnectTests" */ = {
			isa = XCConfigurationList;
			buildConfigurations = (
				217BF5382EA2A55100010E2E /* Debug */,
				217BF5392EA2A55100010E2E /* Release */,
			);
			defaultConfigurationIsVisible = 0;
			defaultConfigurationName = Release;
		};
		217BF53A2EA2A55100010E2E /* Build configuration list for PBXNativeTarget "KinnectUITests" */ = {
			isa = XCConfigurationList;
			buildConfigurations = (
				217BF53B2EA2A55100010E2E /* Debug */,
				217BF53C2EA2A55100010E2E /* Release */,
			);
			defaultConfigurationIsVisible = 0;
			defaultConfigurationName = Release;
		};
/* End XCConfigurationList section */

/* Begin XCRemoteSwiftPackageReference section */
		217BF5642EA2D83F00010E2E /* XCRemoteSwiftPackageReference "supabase-swift" */ = {
			isa = XCRemoteSwiftPackageReference;
			repositoryURL = "https://github.com/supabase/supabase-swift";
			requirement = {
				kind = upToNextMajorVersion;
				minimumVersion = 2.5.1;
			};
		};
/* End XCRemoteSwiftPackageReference section */

/* Begin XCSwiftPackageProductDependency section */
		217BF5652EA2D83F00010E2E /* Auth */ = {
			isa = XCSwiftPackageProductDependency;
			package = 217BF5642EA2D83F00010E2E /* XCRemoteSwiftPackageReference "supabase-swift" */;
			productName = Auth;
		};
		217BF5672EA2D83F00010E2E /* Functions */ = {
			isa = XCSwiftPackageProductDependency;
			package = 217BF5642EA2D83F00010E2E /* XCRemoteSwiftPackageReference "supabase-swift" */;
			productName = Functions;
		};
		217BF5692EA2D83F00010E2E /* PostgREST */ = {
			isa = XCSwiftPackageProductDependency;
			package = 217BF5642EA2D83F00010E2E /* XCRemoteSwiftPackageReference "supabase-swift" */;
			productName = PostgREST;
		};
		217BF56B2EA2D83F00010E2E /* Realtime */ = {
			isa = XCSwiftPackageProductDependency;
			package = 217BF5642EA2D83F00010E2E /* XCRemoteSwiftPackageReference "supabase-swift" */;
			productName = Realtime;
		};
		217BF56D2EA2D83F00010E2E /* Storage */ = {
			isa = XCSwiftPackageProductDependency;
			package = 217BF5642EA2D83F00010E2E /* XCRemoteSwiftPackageReference "supabase-swift" */;
			productName = Storage;
		};
		217BF56F2EA2DA5000010E2E /* Supabase */ = {
			isa = XCSwiftPackageProductDependency;
			package = 217BF5642EA2D83F00010E2E /* XCRemoteSwiftPackageReference "supabase-swift" */;
			productName = Supabase;
		};
/* End XCSwiftPackageProductDependency section */
	};
	rootObject = 217BF50B2EA2A55000010E2E /* Project object */;
}
